// !$*UTF8*$!
{
	archiveVersion = 1;
	classes = {
	};
	objectVersion = 46;
	objects = {

/* Begin PBXBuildFile section */
		8BC01B0818C2F83A00B6BF0A /* Foundation.framework in Frameworks */ = {isa = PBXBuildFile; fileRef = 8BC01B0718C2F83A00B6BF0A /* Foundation.framework */; };
		8BC01B0A18C2F83A00B6BF0A /* CoreGraphics.framework in Frameworks */ = {isa = PBXBuildFile; fileRef = 8BC01B0918C2F83A00B6BF0A /* CoreGraphics.framework */; };
		8BC01B0C18C2F83A00B6BF0A /* UIKit.framework in Frameworks */ = {isa = PBXBuildFile; fileRef = 8BC01B0B18C2F83A00B6BF0A /* UIKit.framework */; };
		8BC01B1218C2F83A00B6BF0A /* InfoPlist.strings in Resources */ = {isa = PBXBuildFile; fileRef = 8BC01B1018C2F83A00B6BF0A /* InfoPlist.strings */; };
		8BC01B1418C2F83A00B6BF0A /* main.m in Sources */ = {isa = PBXBuildFile; fileRef = 8BC01B1318C2F83A00B6BF0A /* main.m */; };
		8BC01B1818C2F83A00B6BF0A /* AppDelegate.m in Sources */ = {isa = PBXBuildFile; fileRef = 8BC01B1718C2F83A00B6BF0A /* AppDelegate.m */; };
		8BC01B1B18C2F83A00B6BF0A /* Main_iPhone.storyboard in Resources */ = {isa = PBXBuildFile; fileRef = 8BC01B1918C2F83A00B6BF0A /* Main_iPhone.storyboard */; };
		8BC01B1E18C2F83A00B6BF0A /* Main_iPad.storyboard in Resources */ = {isa = PBXBuildFile; fileRef = 8BC01B1C18C2F83A00B6BF0A /* Main_iPad.storyboard */; };
		8BC01B2118C2F83A00B6BF0A /* ViewController.m in Sources */ = {isa = PBXBuildFile; fileRef = 8BC01B2018C2F83A00B6BF0A /* ViewController.m */; };
		8BC01B2318C2F83A00B6BF0A /* Images.xcassets in Resources */ = {isa = PBXBuildFile; fileRef = 8BC01B2218C2F83A00B6BF0A /* Images.xcassets */; };
		8BC01B2A18C2F83A00B6BF0A /* XCTest.framework in Frameworks */ = {isa = PBXBuildFile; fileRef = 8BC01B2918C2F83A00B6BF0A /* XCTest.framework */; };
		8BC01B2B18C2F83A00B6BF0A /* Foundation.framework in Frameworks */ = {isa = PBXBuildFile; fileRef = 8BC01B0718C2F83A00B6BF0A /* Foundation.framework */; };
		8BC01B2C18C2F83A00B6BF0A /* UIKit.framework in Frameworks */ = {isa = PBXBuildFile; fileRef = 8BC01B0B18C2F83A00B6BF0A /* UIKit.framework */; };
		8BC01B3418C2F83A00B6BF0A /* InfoPlist.strings in Resources */ = {isa = PBXBuildFile; fileRef = 8BC01B3218C2F83A00B6BF0A /* InfoPlist.strings */; };
		8BC01B3618C2F83A00B6BF0A /* CanIMakeItDataRequesterTests.m in Sources */ = {isa = PBXBuildFile; fileRef = 8BC01B3518C2F83A00B6BF0A /* CanIMakeItDataRequesterTests.m */; };
/* End PBXBuildFile section */

/* Begin PBXContainerItemProxy section */
		8BC01B2D18C2F83A00B6BF0A /* PBXContainerItemProxy */ = {
			isa = PBXContainerItemProxy;
			containerPortal = 8BC01AFC18C2F83A00B6BF0A /* Project object */;
			proxyType = 1;
			remoteGlobalIDString = 8BC01B0318C2F83A00B6BF0A;
			remoteInfo = CanIMakeItDataRequester;
		};
/* End PBXContainerItemProxy section */

/* Begin PBXFileReference section */
		8BC01B0418C2F83A00B6BF0A /* CanIMakeItDataRequester.app */ = {isa = PBXFileReference; explicitFileType = wrapper.application; includeInIndex = 0; path = CanIMakeItDataRequester.app; sourceTree = BUILT_PRODUCTS_DIR; };
		8BC01B0718C2F83A00B6BF0A /* Foundation.framework */ = {isa = PBXFileReference; lastKnownFileType = wrapper.framework; name = Foundation.framework; path = System/Library/Frameworks/Foundation.framework; sourceTree = SDKROOT; };
		8BC01B0918C2F83A00B6BF0A /* CoreGraphics.framework */ = {isa = PBXFileReference; lastKnownFileType = wrapper.framework; name = CoreGraphics.framework; path = System/Library/Frameworks/CoreGraphics.framework; sourceTree = SDKROOT; };
		8BC01B0B18C2F83A00B6BF0A /* UIKit.framework */ = {isa = PBXFileReference; lastKnownFileType = wrapper.framework; name = UIKit.framework; path = System/Library/Frameworks/UIKit.framework; sourceTree = SDKROOT; };
		8BC01B0F18C2F83A00B6BF0A /* CanIMakeItDataRequester-Info.plist */ = {isa = PBXFileReference; lastKnownFileType = text.plist.xml; path = "CanIMakeItDataRequester-Info.plist"; sourceTree = "<group>"; };
		8BC01B1118C2F83A00B6BF0A /* en */ = {isa = PBXFileReference; lastKnownFileType = text.plist.strings; name = en; path = en.lproj/InfoPlist.strings; sourceTree = "<group>"; };
		8BC01B1318C2F83A00B6BF0A /* main.m */ = {isa = PBXFileReference; lastKnownFileType = sourcecode.c.objc; path = main.m; sourceTree = "<group>"; };
		8BC01B1518C2F83A00B6BF0A /* CanIMakeItDataRequester-Prefix.pch */ = {isa = PBXFileReference; lastKnownFileType = sourcecode.c.h; path = "CanIMakeItDataRequester-Prefix.pch"; sourceTree = "<group>"; };
		8BC01B1618C2F83A00B6BF0A /* AppDelegate.h */ = {isa = PBXFileReference; lastKnownFileType = sourcecode.c.h; path = AppDelegate.h; sourceTree = "<group>"; };
		8BC01B1718C2F83A00B6BF0A /* AppDelegate.m */ = {isa = PBXFileReference; lastKnownFileType = sourcecode.c.objc; path = AppDelegate.m; sourceTree = "<group>"; };
		8BC01B1A18C2F83A00B6BF0A /* Base */ = {isa = PBXFileReference; lastKnownFileType = file.storyboard; name = Base; path = Base.lproj/Main_iPhone.storyboard; sourceTree = "<group>"; };
		8BC01B1D18C2F83A00B6BF0A /* Base */ = {isa = PBXFileReference; lastKnownFileType = file.storyboard; name = Base; path = Base.lproj/Main_iPad.storyboard; sourceTree = "<group>"; };
		8BC01B1F18C2F83A00B6BF0A /* ViewController.h */ = {isa = PBXFileReference; lastKnownFileType = sourcecode.c.h; path = ViewController.h; sourceTree = "<group>"; };
		8BC01B2018C2F83A00B6BF0A /* ViewController.m */ = {isa = PBXFileReference; lastKnownFileType = sourcecode.c.objc; path = ViewController.m; sourceTree = "<group>"; };
		8BC01B2218C2F83A00B6BF0A /* Images.xcassets */ = {isa = PBXFileReference; lastKnownFileType = folder.assetcatalog; path = Images.xcassets; sourceTree = "<group>"; };
		8BC01B2818C2F83A00B6BF0A /* CanIMakeItDataRequesterTests.xctest */ = {isa = PBXFileReference; explicitFileType = wrapper.cfbundle; includeInIndex = 0; path = CanIMakeItDataRequesterTests.xctest; sourceTree = BUILT_PRODUCTS_DIR; };
		8BC01B2918C2F83A00B6BF0A /* XCTest.framework */ = {isa = PBXFileReference; lastKnownFileType = wrapper.framework; name = XCTest.framework; path = Library/Frameworks/XCTest.framework; sourceTree = DEVELOPER_DIR; };
		8BC01B3118C2F83A00B6BF0A /* CanIMakeItDataRequesterTests-Info.plist */ = {isa = PBXFileReference; lastKnownFileType = text.plist.xml; path = "CanIMakeItDataRequesterTests-Info.plist"; sourceTree = "<group>"; };
		8BC01B3318C2F83A00B6BF0A /* en */ = {isa = PBXFileReference; lastKnownFileType = text.plist.strings; name = en; path = en.lproj/InfoPlist.strings; sourceTree = "<group>"; };
		8BC01B3518C2F83A00B6BF0A /* CanIMakeItDataRequesterTests.m */ = {isa = PBXFileReference; lastKnownFileType = sourcecode.c.objc; path = CanIMakeItDataRequesterTests.m; sourceTree = "<group>"; };
/* End PBXFileReference section */

/* Begin PBXFrameworksBuildPhase section */
		8BC01B0118C2F83A00B6BF0A /* Frameworks */ = {
			isa = PBXFrameworksBuildPhase;
			buildActionMask = 2147483647;
			files = (
				8BC01B0A18C2F83A00B6BF0A /* CoreGraphics.framework in Frameworks */,
				8BC01B0C18C2F83A00B6BF0A /* UIKit.framework in Frameworks */,
				8BC01B0818C2F83A00B6BF0A /* Foundation.framework in Frameworks */,
			);
			runOnlyForDeploymentPostprocessing = 0;
		};
		8BC01B2518C2F83A00B6BF0A /* Frameworks */ = {
			isa = PBXFrameworksBuildPhase;
			buildActionMask = 2147483647;
			files = (
				8BC01B2A18C2F83A00B6BF0A /* XCTest.framework in Frameworks */,
				8BC01B2C18C2F83A00B6BF0A /* UIKit.framework in Frameworks */,
				8BC01B2B18C2F83A00B6BF0A /* Foundation.framework in Frameworks */,
			);
			runOnlyForDeploymentPostprocessing = 0;
		};
/* End PBXFrameworksBuildPhase section */

/* Begin PBXGroup section */
		8BC01AFB18C2F83A00B6BF0A = {
			isa = PBXGroup;
			children = (
				8BC01B0D18C2F83A00B6BF0A /* CanIMakeItDataRequester */,
				8BC01B2F18C2F83A00B6BF0A /* CanIMakeItDataRequesterTests */,
				8BC01B0618C2F83A00B6BF0A /* Frameworks */,
				8BC01B0518C2F83A00B6BF0A /* Products */,
			);
			sourceTree = "<group>";
		};
		8BC01B0518C2F83A00B6BF0A /* Products */ = {
			isa = PBXGroup;
			children = (
				8BC01B0418C2F83A00B6BF0A /* CanIMakeItDataRequester.app */,
				8BC01B2818C2F83A00B6BF0A /* CanIMakeItDataRequesterTests.xctest */,
			);
			name = Products;
			sourceTree = "<group>";
		};
		8BC01B0618C2F83A00B6BF0A /* Frameworks */ = {
			isa = PBXGroup;
			children = (
				8BC01B0718C2F83A00B6BF0A /* Foundation.framework */,
				8BC01B0918C2F83A00B6BF0A /* CoreGraphics.framework */,
				8BC01B0B18C2F83A00B6BF0A /* UIKit.framework */,
				8BC01B2918C2F83A00B6BF0A /* XCTest.framework */,
			);
			name = Frameworks;
			sourceTree = "<group>";
		};
		8BC01B0D18C2F83A00B6BF0A /* CanIMakeItDataRequester */ = {
			isa = PBXGroup;
			children = (
				8BC01B1618C2F83A00B6BF0A /* AppDelegate.h */,
				8BC01B1718C2F83A00B6BF0A /* AppDelegate.m */,
				8BC01B1918C2F83A00B6BF0A /* Main_iPhone.storyboard */,
				8BC01B1C18C2F83A00B6BF0A /* Main_iPad.storyboard */,
				8BC01B1F18C2F83A00B6BF0A /* ViewController.h */,
				8BC01B2018C2F83A00B6BF0A /* ViewController.m */,
				8BC01B2218C2F83A00B6BF0A /* Images.xcassets */,
				8BC01B0E18C2F83A00B6BF0A /* Supporting Files */,
			);
			path = CanIMakeItDataRequester;
			sourceTree = "<group>";
		};
		8BC01B0E18C2F83A00B6BF0A /* Supporting Files */ = {
			isa = PBXGroup;
			children = (
				8BC01B0F18C2F83A00B6BF0A /* CanIMakeItDataRequester-Info.plist */,
				8BC01B1018C2F83A00B6BF0A /* InfoPlist.strings */,
				8BC01B1318C2F83A00B6BF0A /* main.m */,
				8BC01B1518C2F83A00B6BF0A /* CanIMakeItDataRequester-Prefix.pch */,
			);
			name = "Supporting Files";
			sourceTree = "<group>";
		};
		8BC01B2F18C2F83A00B6BF0A /* CanIMakeItDataRequesterTests */ = {
			isa = PBXGroup;
			children = (
				8BC01B3518C2F83A00B6BF0A /* CanIMakeItDataRequesterTests.m */,
				8BC01B3018C2F83A00B6BF0A /* Supporting Files */,
			);
			path = CanIMakeItDataRequesterTests;
			sourceTree = "<group>";
		};
		8BC01B3018C2F83A00B6BF0A /* Supporting Files */ = {
			isa = PBXGroup;
			children = (
				8BC01B3118C2F83A00B6BF0A /* CanIMakeItDataRequesterTests-Info.plist */,
				8BC01B3218C2F83A00B6BF0A /* InfoPlist.strings */,
			);
			name = "Supporting Files";
			sourceTree = "<group>";
		};
/* End PBXGroup section */

/* Begin PBXNativeTarget section */
		8BC01B0318C2F83A00B6BF0A /* CanIMakeItDataRequester */ = {
			isa = PBXNativeTarget;
			buildConfigurationList = 8BC01B3918C2F83A00B6BF0A /* Build configuration list for PBXNativeTarget "CanIMakeItDataRequester" */;
			buildPhases = (
				8BC01B0018C2F83A00B6BF0A /* Sources */,
				8BC01B0118C2F83A00B6BF0A /* Frameworks */,
				8BC01B0218C2F83A00B6BF0A /* Resources */,
			);
			buildRules = (
			);
			dependencies = (
			);
			name = CanIMakeItDataRequester;
			productName = CanIMakeItDataRequester;
			productReference = 8BC01B0418C2F83A00B6BF0A /* CanIMakeItDataRequester.app */;
			productType = "com.apple.product-type.application";
		};
		8BC01B2718C2F83A00B6BF0A /* CanIMakeItDataRequesterTests */ = {
			isa = PBXNativeTarget;
			buildConfigurationList = 8BC01B3C18C2F83A00B6BF0A /* Build configuration list for PBXNativeTarget "CanIMakeItDataRequesterTests" */;
			buildPhases = (
				8BC01B2418C2F83A00B6BF0A /* Sources */,
				8BC01B2518C2F83A00B6BF0A /* Frameworks */,
				8BC01B2618C2F83A00B6BF0A /* Resources */,
			);
			buildRules = (
			);
			dependencies = (
				8BC01B2E18C2F83A00B6BF0A /* PBXTargetDependency */,
			);
			name = CanIMakeItDataRequesterTests;
			productName = CanIMakeItDataRequesterTests;
			productReference = 8BC01B2818C2F83A00B6BF0A /* CanIMakeItDataRequesterTests.xctest */;
			productType = "com.apple.product-type.bundle.unit-test";
		};
/* End PBXNativeTarget section */

/* Begin PBXProject section */
		8BC01AFC18C2F83A00B6BF0A /* Project object */ = {
			isa = PBXProject;
			attributes = {
				LastUpgradeCheck = 0500;
				ORGANIZATIONNAME = "More, Sameer";
				TargetAttributes = {
					8BC01B2718C2F83A00B6BF0A = {
						TestTargetID = 8BC01B0318C2F83A00B6BF0A;
					};
				};
			};
			buildConfigurationList = 8BC01AFF18C2F83A00B6BF0A /* Build configuration list for PBXProject "CanIMakeItDataRequester" */;
			compatibilityVersion = "Xcode 3.2";
			developmentRegion = English;
			hasScannedForEncodings = 0;
			knownRegions = (
				en,
				Base,
			);
			mainGroup = 8BC01AFB18C2F83A00B6BF0A;
			productRefGroup = 8BC01B0518C2F83A00B6BF0A /* Products */;
			projectDirPath = "";
			projectRoot = "";
			targets = (
				8BC01B0318C2F83A00B6BF0A /* CanIMakeItDataRequester */,
				8BC01B2718C2F83A00B6BF0A /* CanIMakeItDataRequesterTests */,
			);
		};
/* End PBXProject section */

/* Begin PBXResourcesBuildPhase section */
		8BC01B0218C2F83A00B6BF0A /* Resources */ = {
			isa = PBXResourcesBuildPhase;
			buildActionMask = 2147483647;
			files = (
				8BC01B1E18C2F83A00B6BF0A /* Main_iPad.storyboard in Resources */,
				8BC01B2318C2F83A00B6BF0A /* Images.xcassets in Resources */,
				8BC01B1B18C2F83A00B6BF0A /* Main_iPhone.storyboard in Resources */,
				8BC01B1218C2F83A00B6BF0A /* InfoPlist.strings in Resources */,
			);
			runOnlyForDeploymentPostprocessing = 0;
		};
		8BC01B2618C2F83A00B6BF0A /* Resources */ = {
			isa = PBXResourcesBuildPhase;
			buildActionMask = 2147483647;
			files = (
				8BC01B3418C2F83A00B6BF0A /* InfoPlist.strings in Resources */,
			);
			runOnlyForDeploymentPostprocessing = 0;
		};
/* End PBXResourcesBuildPhase section */

/* Begin PBXSourcesBuildPhase section */
		8BC01B0018C2F83A00B6BF0A /* Sources */ = {
			isa = PBXSourcesBuildPhase;
			buildActionMask = 2147483647;
			files = (
				8BC01B2118C2F83A00B6BF0A /* ViewController.m in Sources */,
				8BC01B1818C2F83A00B6BF0A /* AppDelegate.m in Sources */,
				8BC01B1418C2F83A00B6BF0A /* main.m in Sources */,
			);
			runOnlyForDeploymentPostprocessing = 0;
		};
		8BC01B2418C2F83A00B6BF0A /* Sources */ = {
			isa = PBXSourcesBuildPhase;
			buildActionMask = 2147483647;
			files = (
				8BC01B3618C2F83A00B6BF0A /* CanIMakeItDataRequesterTests.m in Sources */,
			);
			runOnlyForDeploymentPostprocessing = 0;
		};
/* End PBXSourcesBuildPhase section */

/* Begin PBXTargetDependency section */
		8BC01B2E18C2F83A00B6BF0A /* PBXTargetDependency */ = {
			isa = PBXTargetDependency;
			target = 8BC01B0318C2F83A00B6BF0A /* CanIMakeItDataRequester */;
			targetProxy = 8BC01B2D18C2F83A00B6BF0A /* PBXContainerItemProxy */;
		};
/* End PBXTargetDependency section */

/* Begin PBXVariantGroup section */
		8BC01B1018C2F83A00B6BF0A /* InfoPlist.strings */ = {
			isa = PBXVariantGroup;
			children = (
				8BC01B1118C2F83A00B6BF0A /* en */,
			);
			name = InfoPlist.strings;
			sourceTree = "<group>";
		};
		8BC01B1918C2F83A00B6BF0A /* Main_iPhone.storyboard */ = {
			isa = PBXVariantGroup;
			children = (
				8BC01B1A18C2F83A00B6BF0A /* Base */,
			);
			name = Main_iPhone.storyboard;
			sourceTree = "<group>";
		};
		8BC01B1C18C2F83A00B6BF0A /* Main_iPad.storyboard */ = {
			isa = PBXVariantGroup;
			children = (
				8BC01B1D18C2F83A00B6BF0A /* Base */,
			);
			name = Main_iPad.storyboard;
			sourceTree = "<group>";
		};
		8BC01B3218C2F83A00B6BF0A /* InfoPlist.strings */ = {
			isa = PBXVariantGroup;
			children = (
				8BC01B3318C2F83A00B6BF0A /* en */,
			);
			name = InfoPlist.strings;
			sourceTree = "<group>";
		};
/* End PBXVariantGroup section */

/* Begin XCBuildConfiguration section */
		8BC01B3718C2F83A00B6BF0A /* Debug */ = {
			isa = XCBuildConfiguration;
			buildSettings = {
				ALWAYS_SEARCH_USER_PATHS = NO;
				ARCHS = "$(ARCHS_STANDARD_INCLUDING_64_BIT)";
				CLANG_CXX_LANGUAGE_STANDARD = "gnu++0x";
				CLANG_CXX_LIBRARY = "libc++";
				CLANG_ENABLE_MODULES = YES;
				CLANG_ENABLE_OBJC_ARC = YES;
				CLANG_WARN_BOOL_CONVERSION = YES;
				CLANG_WARN_CONSTANT_CONVERSION = YES;
				CLANG_WARN_DIRECT_OBJC_ISA_USAGE = YES_ERROR;
				CLANG_WARN_EMPTY_BODY = YES;
				CLANG_WARN_ENUM_CONVERSION = YES;
				CLANG_WARN_INT_CONVERSION = YES;
				CLANG_WARN_OBJC_ROOT_CLASS = YES_ERROR;
				CLANG_WARN__DUPLICATE_METHOD_MATCH = YES;
				"CODE_SIGN_IDENTITY[sdk=iphoneos*]" = "iPhone Developer";
				COPY_PHASE_STRIP = NO;
				GCC_C_LANGUAGE_STANDARD = gnu99;
				GCC_DYNAMIC_NO_PIC = NO;
				GCC_OPTIMIZATION_LEVEL = 0;
				GCC_PREPROCESSOR_DEFINITIONS = (
					"DEBUG=1",
					"$(inherited)",
				);
				GCC_SYMBOLS_PRIVATE_EXTERN = NO;
				GCC_WARN_64_TO_32_BIT_CONVERSION = YES;
				GCC_WARN_ABOUT_RETURN_TYPE = YES_ERROR;
				GCC_WARN_UNDECLARED_SELECTOR = YES;
				GCC_WARN_UNINITIALIZED_AUTOS = YES;
				GCC_WARN_UNUSED_FUNCTION = YES;
				GCC_WARN_UNUSED_VARIABLE = YES;
				IPHONEOS_DEPLOYMENT_TARGET = 7.0;
				ONLY_ACTIVE_ARCH = YES;
				SDKROOT = iphoneos;
				TARGETED_DEVICE_FAMILY = "1,2";
			};
			name = Debug;
		};
		8BC01B3818C2F83A00B6BF0A /* Release */ = {
			isa = XCBuildConfiguration;
			buildSettings = {
				ALWAYS_SEARCH_USER_PATHS = NO;
				ARCHS = "$(ARCHS_STANDARD_INCLUDING_64_BIT)";
				CLANG_CXX_LANGUAGE_STANDARD = "gnu++0x";
				CLANG_CXX_LIBRARY = "libc++";
				CLANG_ENABLE_MODULES = YES;
				CLANG_ENABLE_OBJC_ARC = YES;
				CLANG_WARN_BOOL_CONVERSION = YES;
				CLANG_WARN_CONSTANT_CONVERSION = YES;
				CLANG_WARN_DIRECT_OBJC_ISA_USAGE = YES_ERROR;
				CLANG_WARN_EMPTY_BODY = YES;
				CLANG_WARN_ENUM_CONVERSION = YES;
				CLANG_WARN_INT_CONVERSION = YES;
				CLANG_WARN_OBJC_ROOT_CLASS = YES_ERROR;
				CLANG_WARN__DUPLICATE_METHOD_MATCH = YES;
				"CODE_SIGN_IDENTITY[sdk=iphoneos*]" = "iPhone Developer";
				COPY_PHASE_STRIP = YES;
				ENABLE_NS_ASSERTIONS = NO;
				GCC_C_LANGUAGE_STANDARD = gnu99;
				GCC_WARN_64_TO_32_BIT_CONVERSION = YES;
				GCC_WARN_ABOUT_RETURN_TYPE = YES_ERROR;
				GCC_WARN_UNDECLARED_SELECTOR = YES;
				GCC_WARN_UNINITIALIZED_AUTOS = YES;
				GCC_WARN_UNUSED_FUNCTION = YES;
				GCC_WARN_UNUSED_VARIABLE = YES;
				IPHONEOS_DEPLOYMENT_TARGET = 7.0;
				SDKROOT = iphoneos;
				TARGETED_DEVICE_FAMILY = "1,2";
				VALIDATE_PRODUCT = YES;
			};
			name = Release;
		};
		8BC01B3A18C2F83A00B6BF0A /* Debug */ = {
			isa = XCBuildConfiguration;
			buildSettings = {
				ASSETCATALOG_COMPILER_APPICON_NAME = AppIcon;
				ASSETCATALOG_COMPILER_LAUNCHIMAGE_NAME = LaunchImage;
				GCC_PRECOMPILE_PREFIX_HEADER = YES;
				GCC_PREFIX_HEADER = "CanIMakeItDataRequester/CanIMakeItDataRequester-Prefix.pch";
				INFOPLIST_FILE = "CanIMakeItDataRequester/CanIMakeItDataRequester-Info.plist";
				PRODUCT_NAME = "$(TARGET_NAME)";
				WRAPPER_EXTENSION = app;
			};
			name = Debug;
		};
		8BC01B3B18C2F83A00B6BF0A /* Release */ = {
			isa = XCBuildConfiguration;
			buildSettings = {
				ASSETCATALOG_COMPILER_APPICON_NAME = AppIcon;
				ASSETCATALOG_COMPILER_LAUNCHIMAGE_NAME = LaunchImage;
				GCC_PRECOMPILE_PREFIX_HEADER = YES;
				GCC_PREFIX_HEADER = "CanIMakeItDataRequester/CanIMakeItDataRequester-Prefix.pch";
				INFOPLIST_FILE = "CanIMakeItDataRequester/CanIMakeItDataRequester-Info.plist";
				PRODUCT_NAME = "$(TARGET_NAME)";
				WRAPPER_EXTENSION = app;
			};
			name = Release;
		};
		8BC01B3D18C2F83A00B6BF0A /* Debug */ = {
			isa = XCBuildConfiguration;
			buildSettings = {
				ARCHS = "$(ARCHS_STANDARD_INCLUDING_64_BIT)";
				BUNDLE_LOADER = "$(BUILT_PRODUCTS_DIR)/CanIMakeItDataRequester.app/CanIMakeItDataRequester";
				FRAMEWORK_SEARCH_PATHS = (
					"$(SDKROOT)/Developer/Library/Frameworks",
					"$(inherited)",
					"$(DEVELOPER_FRAMEWORKS_DIR)",
				);
				GCC_PRECOMPILE_PREFIX_HEADER = YES;
				GCC_PREFIX_HEADER = "CanIMakeItDataRequester/CanIMakeItDataRequester-Prefix.pch";
				GCC_PREPROCESSOR_DEFINITIONS = (
					"DEBUG=1",
					"$(inherited)",
				);
				INFOPLIST_FILE = "CanIMakeItDataRequesterTests/CanIMakeItDataRequesterTests-Info.plist";
				PRODUCT_NAME = "$(TARGET_NAME)";
				TEST_HOST = "$(BUNDLE_LOADER)";
				WRAPPER_EXTENSION = xctest;
			};
			name = Debug;
		};
		8BC01B3E18C2F83A00B6BF0A /* Release */ = {
			isa = XCBuildConfiguration;
			buildSettings = {
				ARCHS = "$(ARCHS_STANDARD_INCLUDING_64_BIT)";
				BUNDLE_LOADER = "$(BUILT_PRODUCTS_DIR)/CanIMakeItDataRequester.app/CanIMakeItDataRequester";
				FRAMEWORK_SEARCH_PATHS = (
					"$(SDKROOT)/Developer/Library/Frameworks",
					"$(inherited)",
					"$(DEVELOPER_FRAMEWORKS_DIR)",
				);
				GCC_PRECOMPILE_PREFIX_HEADER = YES;
				GCC_PREFIX_HEADER = "CanIMakeItDataRequester/CanIMakeItDataRequester-Prefix.pch";
				INFOPLIST_FILE = "CanIMakeItDataRequesterTests/CanIMakeItDataRequesterTests-Info.plist";
				PRODUCT_NAME = "$(TARGET_NAME)";
				TEST_HOST = "$(BUNDLE_LOADER)";
				WRAPPER_EXTENSION = xctest;
			};
			name = Release;
		};
/* End XCBuildConfiguration section */

/* Begin XCConfigurationList section */
		8BC01AFF18C2F83A00B6BF0A /* Build configuration list for PBXProject "CanIMakeItDataRequester" */ = {
			isa = XCConfigurationList;
			buildConfigurations = (
				8BC01B3718C2F83A00B6BF0A /* Debug */,
				8BC01B3818C2F83A00B6BF0A /* Release */,
			);
			defaultConfigurationIsVisible = 0;
			defaultConfigurationName = Release;
		};
		8BC01B3918C2F83A00B6BF0A /* Build configuration list for PBXNativeTarget "CanIMakeItDataRequester" */ = {
			isa = XCConfigurationList;
			buildConfigurations = (
				8BC01B3A18C2F83A00B6BF0A /* Debug */,
				8BC01B3B18C2F83A00B6BF0A /* Release */,
			);
			defaultConfigurationIsVisible = 0;
		};
		8BC01B3C18C2F83A00B6BF0A /* Build configuration list for PBXNativeTarget "CanIMakeItDataRequesterTests" */ = {
			isa = XCConfigurationList;
			buildConfigurations = (
				8BC01B3D18C2F83A00B6BF0A /* Debug */,
				8BC01B3E18C2F83A00B6BF0A /* Release */,
			);
			defaultConfigurationIsVisible = 0;
		};
/* End XCConfigurationList section */
	};
	rootObject = 8BC01AFC18C2F83A00B6BF0A /* Project object */;
}
